
Microsoft Visual Studio Solution File, Format Version 12.00
# Visual Studio 14
VisualStudioVersion = 14.0.24720.0
MinimumVisualStudioVersion = 10.0.40219.1
Project("{F2A71F9B-5D33-465A-A702-920D77279786}") = "Day1", "Day1\Day1.fsproj", "{82A5B1A7-4C90-46AB-8DF5-B1A63F3B9EDD}"
EndProject
Project("{F2A71F9B-5D33-465A-A702-920D77279786}") = "Day2", "Day2\Day2.fsproj", "{0E45E430-0D65-4584-B3F0-5A01D00C8FAF}"
EndProject
Project("{F2A71F9B-5D33-465A-A702-920D77279786}") = "Day3", "Day3\Day3.fsproj", "{F17C297C-064D-45C4-853A-C87DFDFFDE83}"
EndProject
Project("{F2A71F9B-5D33-465A-A702-920D77279786}") = "Day4", "Day4\Day4.fsproj", "{8EF35462-4BE3-428F-8FFC-0FFB7D7797DC}"
EndProject
Project("{F2A71F9B-5D33-465A-A702-920D77279786}") = "Day5", "Day5\Day5.fsproj", "{FDCE3B8A-E853-4FB5-943A-AAC4C992A4C7}"
EndProject
Project("{F2A71F9B-5D33-465A-A702-920D77279786}") = "Day9", "Day9\Day9.fsproj", "{BE866A1B-381B-49B5-94FF-DDA819DD8B3D}"
EndProject
Project("{F2A71F9B-5D33-465A-A702-920D77279786}") = "Day12", "Day12\Day12.fsproj", "{A33CFA74-669C-4427-8F06-ED61973A9ED7}"
EndProject
Project("{F2A71F9B-5D33-465A-A702-920D77279786}") = "Day11", "Day11\Day11.fsproj", "{3E5C042E-C44B-4FF0-BCAB-00468FFA418E}"
EndProject
Project("{F2A71F9B-5D33-465A-A702-920D77279786}") = "Day13", "Day13\Day13.fsproj", "{16EF98F6-5A6D-4762-AC4B-D8B77471B1F2}"
EndProject
Project("{F2A71F9B-5D33-465A-A702-920D77279786}") = "Day14", "Day14\Day14.fsproj", "{A64BA1DD-5BF0-44EA-A483-8C38EFE68FD9}"
EndProject
Global
	GlobalSection(SolutionConfigurationPlatforms) = preSolution
		Debug|Any CPU = Debug|Any CPU
		Release|Any CPU = Release|Any CPU
	EndGlobalSection
	GlobalSection(ProjectConfigurationPlatforms) = postSolution
		{82A5B1A7-4C90-46AB-8DF5-B1A63F3B9EDD}.Debug|Any CPU.ActiveCfg = Debug|Any CPU
		{82A5B1A7-4C90-46AB-8DF5-B1A63F3B9EDD}.Debug|Any CPU.Build.0 = Debug|Any CPU
		{82A5B1A7-4C90-46AB-8DF5-B1A63F3B9EDD}.Release|Any CPU.ActiveCfg = Release|Any CPU
		{82A5B1A7-4C90-46AB-8DF5-B1A63F3B9EDD}.Release|Any CPU.Build.0 = Release|Any CPU
		{0E45E430-0D65-4584-B3F0-5A01D00C8FAF}.Debug|Any CPU.ActiveCfg = Debug|Any CPU
		{0E45E430-0D65-4584-B3F0-5A01D00C8FAF}.Debug|Any CPU.Build.0 = Debug|Any CPU
		{0E45E430-0D65-4584-B3F0-5A01D00C8FAF}.Release|Any CPU.ActiveCfg = Release|Any CPU
		{0E45E430-0D65-4584-B3F0-5A01D00C8FAF}.Release|Any CPU.Build.0 = Release|Any CPU
		{F17C297C-064D-45C4-853A-C87DFDFFDE83}.Debug|Any CPU.ActiveCfg = Debug|Any CPU
		{F17C297C-064D-45C4-853A-C87DFDFFDE83}.Debug|Any CPU.Build.0 = Debug|Any CPU
		{F17C297C-064D-45C4-853A-C87DFDFFDE83}.Release|Any CPU.ActiveCfg = Release|Any CPU
		{F17C297C-064D-45C4-853A-C87DFDFFDE83}.Release|Any CPU.Build.0 = Release|Any CPU
		{8EF35462-4BE3-428F-8FFC-0FFB7D7797DC}.Debug|Any CPU.ActiveCfg = Debug|Any CPU
		{8EF35462-4BE3-428F-8FFC-0FFB7D7797DC}.Debug|Any CPU.Build.0 = Debug|Any CPU
		{8EF35462-4BE3-428F-8FFC-0FFB7D7797DC}.Release|Any CPU.ActiveCfg = Release|Any CPU
		{8EF35462-4BE3-428F-8FFC-0FFB7D7797DC}.Release|Any CPU.Build.0 = Release|Any CPU
		{FDCE3B8A-E853-4FB5-943A-AAC4C992A4C7}.Debug|Any CPU.ActiveCfg = Debug|Any CPU
		{FDCE3B8A-E853-4FB5-943A-AAC4C992A4C7}.Debug|Any CPU.Build.0 = Debug|Any CPU
		{FDCE3B8A-E853-4FB5-943A-AAC4C992A4C7}.Release|Any CPU.ActiveCfg = Release|Any CPU
		{FDCE3B8A-E853-4FB5-943A-AAC4C992A4C7}.Release|Any CPU.Build.0 = Release|Any CPU
		{BE866A1B-381B-49B5-94FF-DDA819DD8B3D}.Debug|Any CPU.ActiveCfg = Debug|Any CPU
		{BE866A1B-381B-49B5-94FF-DDA819DD8B3D}.Debug|Any CPU.Build.0 = Debug|Any CPU
		{BE866A1B-381B-49B5-94FF-DDA819DD8B3D}.Release|Any CPU.ActiveCfg = Release|Any CPU
		{BE866A1B-381B-49B5-94FF-DDA819DD8B3D}.Release|Any CPU.Build.0 = Release|Any CPU
		{A33CFA74-669C-4427-8F06-ED61973A9ED7}.Debug|Any CPU.ActiveCfg = Debug|Any CPU
		{A33CFA74-669C-4427-8F06-ED61973A9ED7}.Debug|Any CPU.Build.0 = Debug|Any CPU
		{A33CFA74-669C-4427-8F06-ED61973A9ED7}.Release|Any CPU.ActiveCfg = Release|Any CPU
		{A33CFA74-669C-4427-8F06-ED61973A9ED7}.Release|Any CPU.Build.0 = Release|Any CPU
		{3E5C042E-C44B-4FF0-BCAB-00468FFA418E}.Debug|Any CPU.ActiveCfg = Debug|Any CPU
		{3E5C042E-C44B-4FF0-BCAB-00468FFA418E}.Debug|Any CPU.Build.0 = Debug|Any CPU
		{3E5C042E-C44B-4FF0-BCAB-00468FFA418E}.Release|Any CPU.ActiveCfg = Release|Any CPU
		{3E5C042E-C44B-4FF0-BCAB-00468FFA418E}.Release|Any CPU.Build.0 = Release|Any CPU
		{16EF98F6-5A6D-4762-AC4B-D8B77471B1F2}.Debug|Any CPU.ActiveCfg = Debug|Any CPU
		{16EF98F6-5A6D-4762-AC4B-D8B77471B1F2}.Debug|Any CPU.Build.0 = Debug|Any CPU
		{16EF98F6-5A6D-4762-AC4B-D8B77471B1F2}.Release|Any CPU.ActiveCfg = Release|Any CPU
		{16EF98F6-5A6D-4762-AC4B-D8B77471B1F2}.Release|Any CPU.Build.0 = Release|Any CPU
		{A64BA1DD-5BF0-44EA-A483-8C38EFE68FD9}.Debug|Any CPU.ActiveCfg = Debug|Any CPU
		{A64BA1DD-5BF0-44EA-A483-8C38EFE68FD9}.Debug|Any CPU.Build.0 = Debug|Any CPU
		{A64BA1DD-5BF0-44EA-A483-8C38EFE68FD9}.Release|Any CPU.ActiveCfg = Release|Any CPU
		{A64BA1DD-5BF0-44EA-A483-8C38EFE68FD9}.Release|Any CPU.Build.0 = Release|Any CPU
	EndGlobalSection
	GlobalSection(SolutionProperties) = preSolution
		HideSolutionNode = FALSE
	EndGlobalSection
EndGlobal
